// !$*UTF8*$!
{
	archiveVersion = 1;
	classes = {
	};
	objectVersion = 55;
	objects = {

/* Begin PBXBuildFile section */
		FD4F694B27D66AA800BC8BCC /* AppDelegate.swift in Sources */ = {isa = PBXBuildFile; fileRef = FD4F694A27D66AA800BC8BCC /* AppDelegate.swift */; };
		FD4F694D27D66AA800BC8BCC /* SceneDelegate.swift in Sources */ = {isa = PBXBuildFile; fileRef = FD4F694C27D66AA800BC8BCC /* SceneDelegate.swift */; };
		FD4F695227D66AA800BC8BCC /* InitialStoryboard.storyboard in Resources */ = {isa = PBXBuildFile; fileRef = FD4F695027D66AA800BC8BCC /* InitialStoryboard.storyboard */; };
		FD4F695427D66AAA00BC8BCC /* Assets.xcassets in Resources */ = {isa = PBXBuildFile; fileRef = FD4F695327D66AAA00BC8BCC /* Assets.xcassets */; };
		FD4F695727D66AAA00BC8BCC /* LaunchScreen.storyboard in Resources */ = {isa = PBXBuildFile; fileRef = FD4F695527D66AAA00BC8BCC /* LaunchScreen.storyboard */; };
		FD4F696127D66BE800BC8BCC /* LoginViewController.swift in Sources */ = {isa = PBXBuildFile; fileRef = FD4F696027D66BE800BC8BCC /* LoginViewController.swift */; };
		FD4F696627D66CCC00BC8BCC /* LoginProtocols.swift in Sources */ = {isa = PBXBuildFile; fileRef = FD4F696527D66CCC00BC8BCC /* LoginProtocols.swift */; };
		FD4F696927D66E5800BC8BCC /* LoginModel.swift in Sources */ = {isa = PBXBuildFile; fileRef = FD4F696827D66E5800BC8BCC /* LoginModel.swift */; };
		FD4F696C27D6754E00BC8BCC /* LoginInteractor.swift in Sources */ = {isa = PBXBuildFile; fileRef = FD4F696B27D6754E00BC8BCC /* LoginInteractor.swift */; };
		FD4F697127D6883400BC8BCC /* CarService.swift in Sources */ = {isa = PBXBuildFile; fileRef = FD4F697027D6883400BC8BCC /* CarService.swift */; };
		FD4F697427D6899300BC8BCC /* Constants.swift in Sources */ = {isa = PBXBuildFile; fileRef = FD4F697327D6899300BC8BCC /* Constants.swift */; };
		FD4F697627D68C4600BC8BCC /* LoginSuccessPostReturn.swift in Sources */ = {isa = PBXBuildFile; fileRef = FD4F697527D68C4600BC8BCC /* LoginSuccessPostReturn.swift */; };
		FD4F697927D78F6400BC8BCC /* LoginRouter.swift in Sources */ = {isa = PBXBuildFile; fileRef = FD4F697827D78F6400BC8BCC /* LoginRouter.swift */; };
		FD4F697D27D7CDFD00BC8BCC /* CarsStoryboard.storyboard in Resources */ = {isa = PBXBuildFile; fileRef = FD4F697C27D7CDFD00BC8BCC /* CarsStoryboard.storyboard */; };
		FD4F698427D7D10900BC8BCC /* CarsListProtocols.swift in Sources */ = {isa = PBXBuildFile; fileRef = FD4F698327D7D10900BC8BCC /* CarsListProtocols.swift */; };
		FD4F698827D7D45300BC8BCC /* CarsListViewController.swift in Sources */ = {isa = PBXBuildFile; fileRef = FD4F698727D7D45300BC8BCC /* CarsListViewController.swift */; };
		FD4F698C27D7D5DE00BC8BCC /* CarsListRouter.swift in Sources */ = {isa = PBXBuildFile; fileRef = FD4F698B27D7D5DE00BC8BCC /* CarsListRouter.swift */; };
		FD4F699027D7E05D00BC8BCC /* CarsListPresenter.swift in Sources */ = {isa = PBXBuildFile; fileRef = FD4F698F27D7E05D00BC8BCC /* CarsListPresenter.swift */; };
		FD4F699227D7E06E00BC8BCC /* CarsListInteractor.swift in Sources */ = {isa = PBXBuildFile; fileRef = FD4F699127D7E06E00BC8BCC /* CarsListInteractor.swift */; };
		FD6CC31127E7E3C5001DA213 /* CarsListModel.swift in Sources */ = {isa = PBXBuildFile; fileRef = FD6CC31027E7E3C5001DA213 /* CarsListModel.swift */; };
		FD6CC31927E8F8FD001DA213 /* app_dos_carrosTests.swift in Sources */ = {isa = PBXBuildFile; fileRef = FD6CC31827E8F8FD001DA213 /* app_dos_carrosTests.swift */; };
		FD6CC32127E8F9DB001DA213 /* LoginInteractor.swift in Sources */ = {isa = PBXBuildFile; fileRef = FD4F696B27D6754E00BC8BCC /* LoginInteractor.swift */; };
		FD6CC32227E8F9EA001DA213 /* LoginRouter.swift in Sources */ = {isa = PBXBuildFile; fileRef = FD4F697827D78F6400BC8BCC /* LoginRouter.swift */; };
		FD6CC32327E8F9ED001DA213 /* LoginModel.swift in Sources */ = {isa = PBXBuildFile; fileRef = FD4F696827D66E5800BC8BCC /* LoginModel.swift */; };
		FD6CC32427E8F9F1001DA213 /* LoginProtocols.swift in Sources */ = {isa = PBXBuildFile; fileRef = FD4F696527D66CCC00BC8BCC /* LoginProtocols.swift */; };
		FD6CC32527E8F9F5001DA213 /* LoginPresenter.swift in Sources */ = {isa = PBXBuildFile; fileRef = FD4F696D27D67B4200BC8BCC /* LoginPresenter.swift */; };
		FD6CC32627E8F9F5001DA213 /* LoginPresenter.swift in Sources */ = {isa = PBXBuildFile; fileRef = FD4F696D27D67B4200BC8BCC /* LoginPresenter.swift */; };
		FD6CC32827E8FAF4001DA213 /* LoginViewController.swift in Sources */ = {isa = PBXBuildFile; fileRef = FD4F696027D66BE800BC8BCC /* LoginViewController.swift */; };
		FD6CC32927E8FB13001DA213 /* UserDefaultsHelper.swift in Sources */ = {isa = PBXBuildFile; fileRef = FDFBCE0027D91DA900619AE8 /* UserDefaultsHelper.swift */; };
		FD6CC32A27E8FB23001DA213 /* CarService.swift in Sources */ = {isa = PBXBuildFile; fileRef = FD4F697027D6883400BC8BCC /* CarService.swift */; };
		FD6CC32B27E8FB31001DA213 /* CarsListRouter.swift in Sources */ = {isa = PBXBuildFile; fileRef = FD4F698B27D7D5DE00BC8BCC /* CarsListRouter.swift */; };
		FD6CC32C27E8FD99001DA213 /* CarsListProtocols.swift in Sources */ = {isa = PBXBuildFile; fileRef = FD4F698327D7D10900BC8BCC /* CarsListProtocols.swift */; };
		FD6CC32D27E8FD9E001DA213 /* CarListTableViewCell.swift in Sources */ = {isa = PBXBuildFile; fileRef = FDAFFC4427D7EEC1009E5F74 /* CarListTableViewCell.swift */; };
		FD6CC32E27E8FDA1001DA213 /* CarsListViewController.swift in Sources */ = {isa = PBXBuildFile; fileRef = FD4F698727D7D45300BC8BCC /* CarsListViewController.swift */; };
		FD6CC32F27E8FDA4001DA213 /* CarsListInteractor.swift in Sources */ = {isa = PBXBuildFile; fileRef = FD4F699127D7E06E00BC8BCC /* CarsListInteractor.swift */; };
		FD6CC33027E8FDA7001DA213 /* CarsListModel.swift in Sources */ = {isa = PBXBuildFile; fileRef = FD6CC31027E7E3C5001DA213 /* CarsListModel.swift */; };
		FD6CC33127E8FDAC001DA213 /* LoginSuccessPostReturn.swift in Sources */ = {isa = PBXBuildFile; fileRef = FD4F697527D68C4600BC8BCC /* LoginSuccessPostReturn.swift */; };
		FD6CC33227E8FDAF001DA213 /* Constants.swift in Sources */ = {isa = PBXBuildFile; fileRef = FD4F697327D6899300BC8BCC /* Constants.swift */; };
		FD6CC33327E8FDBF001DA213 /* CarsListPresenter.swift in Sources */ = {isa = PBXBuildFile; fileRef = FD4F698F27D7E05D00BC8BCC /* CarsListPresenter.swift */; };
		FD6CC39527E9FE59001DA213 /* SelectedCarStoryboard.storyboard in Resources */ = {isa = PBXBuildFile; fileRef = FD6CC39427E9FE59001DA213 /* SelectedCarStoryboard.storyboard */; };
		FD6CC3A027EA173F001DA213 /* SelectedCarViewController.swift in Sources */ = {isa = PBXBuildFile; fileRef = FD6CC39F27EA173F001DA213 /* SelectedCarViewController.swift */; };
		FD6CC3A227EA1772001DA213 /* SelectedCarsProtocols.swift in Sources */ = {isa = PBXBuildFile; fileRef = FD6CC3A127EA1772001DA213 /* SelectedCarsProtocols.swift */; };
		FD6CC3A427EA1B7E001DA213 /* SelectedCarRouter.swift in Sources */ = {isa = PBXBuildFile; fileRef = FD6CC3A327EA1B7E001DA213 /* SelectedCarRouter.swift */; };
		FD6CC3A627EA1B9A001DA213 /* SelectedCarPresenter.swift in Sources */ = {isa = PBXBuildFile; fileRef = FD6CC3A527EA1B9A001DA213 /* SelectedCarPresenter.swift */; };
		FD6CC3A827EA1BE8001DA213 /* SelectedCarInteractor.swift in Sources */ = {isa = PBXBuildFile; fileRef = FD6CC3A727EA1BE8001DA213 /* SelectedCarInteractor.swift */; };
		FD6CC3AA27EA9EE5001DA213 /* SelectedCarModel.swift in Sources */ = {isa = PBXBuildFile; fileRef = FD6CC3A927EA9EE5001DA213 /* SelectedCarModel.swift */; };
		FD6CC3B227EBB9F4001DA213 /* UIImageViewExtension.swift in Sources */ = {isa = PBXBuildFile; fileRef = FD6CC3B127EBB9F4001DA213 /* UIImageViewExtension.swift */; };
		FDAFFC4527D7EEC1009E5F74 /* CarListTableViewCell.swift in Sources */ = {isa = PBXBuildFile; fileRef = FDAFFC4427D7EEC1009E5F74 /* CarListTableViewCell.swift */; };
		FDFBCE0127D91DA900619AE8 /* UserDefaultsHelper.swift in Sources */ = {isa = PBXBuildFile; fileRef = FDFBCE0027D91DA900619AE8 /* UserDefaultsHelper.swift */; };
/* End PBXBuildFile section */

/* Begin PBXContainerItemProxy section */
		FD6CC31A27E8F8FD001DA213 /* PBXContainerItemProxy */ = {
			isa = PBXContainerItemProxy;
			containerPortal = FD4F693F27D66AA800BC8BCC /* Project object */;
			proxyType = 1;
			remoteGlobalIDString = FD4F694627D66AA800BC8BCC;
			remoteInfo = "app dos carros";
		};
/* End PBXContainerItemProxy section */

/* Begin PBXFileReference section */
		FD4F694727D66AA800BC8BCC /* app dos carros.app */ = {isa = PBXFileReference; explicitFileType = wrapper.application; includeInIndex = 0; path = "app dos carros.app"; sourceTree = BUILT_PRODUCTS_DIR; };
		FD4F694A27D66AA800BC8BCC /* AppDelegate.swift */ = {isa = PBXFileReference; lastKnownFileType = sourcecode.swift; path = AppDelegate.swift; sourceTree = "<group>"; };
		FD4F694C27D66AA800BC8BCC /* SceneDelegate.swift */ = {isa = PBXFileReference; lastKnownFileType = sourcecode.swift; path = SceneDelegate.swift; sourceTree = "<group>"; };
		FD4F695127D66AA800BC8BCC /* Base */ = {isa = PBXFileReference; lastKnownFileType = file.storyboard; name = Base; path = Base.lproj/InitialStoryboard.storyboard; sourceTree = "<group>"; };
		FD4F695327D66AAA00BC8BCC /* Assets.xcassets */ = {isa = PBXFileReference; lastKnownFileType = folder.assetcatalog; path = Assets.xcassets; sourceTree = "<group>"; };
		FD4F695627D66AAA00BC8BCC /* Base */ = {isa = PBXFileReference; lastKnownFileType = file.storyboard; name = Base; path = Base.lproj/LaunchScreen.storyboard; sourceTree = "<group>"; };
		FD4F695827D66AAA00BC8BCC /* Info.plist */ = {isa = PBXFileReference; lastKnownFileType = text.plist.xml; path = Info.plist; sourceTree = "<group>"; };
		FD4F696027D66BE800BC8BCC /* LoginViewController.swift */ = {isa = PBXFileReference; lastKnownFileType = sourcecode.swift; path = LoginViewController.swift; sourceTree = "<group>"; };
		FD4F696527D66CCC00BC8BCC /* LoginProtocols.swift */ = {isa = PBXFileReference; lastKnownFileType = sourcecode.swift; path = LoginProtocols.swift; sourceTree = "<group>"; };
		FD4F696827D66E5800BC8BCC /* LoginModel.swift */ = {isa = PBXFileReference; lastKnownFileType = sourcecode.swift; path = LoginModel.swift; sourceTree = "<group>"; };
		FD4F696B27D6754E00BC8BCC /* LoginInteractor.swift */ = {isa = PBXFileReference; lastKnownFileType = sourcecode.swift; path = LoginInteractor.swift; sourceTree = "<group>"; };
		FD4F696D27D67B4200BC8BCC /* LoginPresenter.swift */ = {isa = PBXFileReference; lastKnownFileType = sourcecode.swift; path = LoginPresenter.swift; sourceTree = "<group>"; };
		FD4F697027D6883400BC8BCC /* CarService.swift */ = {isa = PBXFileReference; lastKnownFileType = sourcecode.swift; path = CarService.swift; sourceTree = "<group>"; };
		FD4F697327D6899300BC8BCC /* Constants.swift */ = {isa = PBXFileReference; lastKnownFileType = sourcecode.swift; path = Constants.swift; sourceTree = "<group>"; };
		FD4F697527D68C4600BC8BCC /* LoginSuccessPostReturn.swift */ = {isa = PBXFileReference; lastKnownFileType = sourcecode.swift; path = LoginSuccessPostReturn.swift; sourceTree = "<group>"; };
		FD4F697827D78F6400BC8BCC /* LoginRouter.swift */ = {isa = PBXFileReference; lastKnownFileType = sourcecode.swift; path = LoginRouter.swift; sourceTree = "<group>"; };
		FD4F697C27D7CDFD00BC8BCC /* CarsStoryboard.storyboard */ = {isa = PBXFileReference; lastKnownFileType = file.storyboard; path = CarsStoryboard.storyboard; sourceTree = "<group>"; };
		FD4F698327D7D10900BC8BCC /* CarsListProtocols.swift */ = {isa = PBXFileReference; lastKnownFileType = sourcecode.swift; path = CarsListProtocols.swift; sourceTree = "<group>"; };
		FD4F698727D7D45300BC8BCC /* CarsListViewController.swift */ = {isa = PBXFileReference; lastKnownFileType = sourcecode.swift; path = CarsListViewController.swift; sourceTree = "<group>"; };
		FD4F698B27D7D5DE00BC8BCC /* CarsListRouter.swift */ = {isa = PBXFileReference; lastKnownFileType = sourcecode.swift; path = CarsListRouter.swift; sourceTree = "<group>"; };
		FD4F698F27D7E05D00BC8BCC /* CarsListPresenter.swift */ = {isa = PBXFileReference; lastKnownFileType = sourcecode.swift; path = CarsListPresenter.swift; sourceTree = "<group>"; };
		FD4F699127D7E06E00BC8BCC /* CarsListInteractor.swift */ = {isa = PBXFileReference; lastKnownFileType = sourcecode.swift; path = CarsListInteractor.swift; sourceTree = "<group>"; };
		FD6CC31027E7E3C5001DA213 /* CarsListModel.swift */ = {isa = PBXFileReference; lastKnownFileType = sourcecode.swift; path = CarsListModel.swift; sourceTree = "<group>"; };
		FD6CC31627E8F8FD001DA213 /* app dos carrosTests.xctest */ = {isa = PBXFileReference; explicitFileType = wrapper.cfbundle; includeInIndex = 0; path = "app dos carrosTests.xctest"; sourceTree = BUILT_PRODUCTS_DIR; };
		FD6CC31827E8F8FD001DA213 /* app_dos_carrosTests.swift */ = {isa = PBXFileReference; lastKnownFileType = sourcecode.swift; path = app_dos_carrosTests.swift; sourceTree = "<group>"; };
		FD6CC39427E9FE59001DA213 /* SelectedCarStoryboard.storyboard */ = {isa = PBXFileReference; lastKnownFileType = file.storyboard; path = SelectedCarStoryboard.storyboard; sourceTree = "<group>"; };
		FD6CC39F27EA173F001DA213 /* SelectedCarViewController.swift */ = {isa = PBXFileReference; lastKnownFileType = sourcecode.swift; path = SelectedCarViewController.swift; sourceTree = "<group>"; };
		FD6CC3A127EA1772001DA213 /* SelectedCarsProtocols.swift */ = {isa = PBXFileReference; lastKnownFileType = sourcecode.swift; path = SelectedCarsProtocols.swift; sourceTree = "<group>"; };
		FD6CC3A327EA1B7E001DA213 /* SelectedCarRouter.swift */ = {isa = PBXFileReference; lastKnownFileType = sourcecode.swift; path = SelectedCarRouter.swift; sourceTree = "<group>"; };
		FD6CC3A527EA1B9A001DA213 /* SelectedCarPresenter.swift */ = {isa = PBXFileReference; lastKnownFileType = sourcecode.swift; path = SelectedCarPresenter.swift; sourceTree = "<group>"; };
		FD6CC3A727EA1BE8001DA213 /* SelectedCarInteractor.swift */ = {isa = PBXFileReference; lastKnownFileType = sourcecode.swift; path = SelectedCarInteractor.swift; sourceTree = "<group>"; };
		FD6CC3A927EA9EE5001DA213 /* SelectedCarModel.swift */ = {isa = PBXFileReference; lastKnownFileType = sourcecode.swift; path = SelectedCarModel.swift; sourceTree = "<group>"; };
		FD6CC3B127EBB9F4001DA213 /* UIImageViewExtension.swift */ = {isa = PBXFileReference; lastKnownFileType = sourcecode.swift; path = UIImageViewExtension.swift; sourceTree = "<group>"; };
		FDAFFC4427D7EEC1009E5F74 /* CarListTableViewCell.swift */ = {isa = PBXFileReference; lastKnownFileType = sourcecode.swift; path = CarListTableViewCell.swift; sourceTree = "<group>"; };
		FDFBCE0027D91DA900619AE8 /* UserDefaultsHelper.swift */ = {isa = PBXFileReference; lastKnownFileType = sourcecode.swift; path = UserDefaultsHelper.swift; sourceTree = "<group>"; };
/* End PBXFileReference section */

/* Begin PBXFrameworksBuildPhase section */
		FD4F694427D66AA800BC8BCC /* Frameworks */ = {
			isa = PBXFrameworksBuildPhase;
			buildActionMask = 2147483647;
			files = (
			);
			runOnlyForDeploymentPostprocessing = 0;
		};
		FD6CC31327E8F8FD001DA213 /* Frameworks */ = {
			isa = PBXFrameworksBuildPhase;
			buildActionMask = 2147483647;
			files = (
			);
			runOnlyForDeploymentPostprocessing = 0;
		};
/* End PBXFrameworksBuildPhase section */

/* Begin PBXGroup section */
		FD4F693E27D66AA800BC8BCC = {
			isa = PBXGroup;
			children = (
				FD4F694927D66AA800BC8BCC /* app dos carros */,
				FD6CC31727E8F8FD001DA213 /* app dos carrosTests */,
				FD4F694827D66AA800BC8BCC /* Products */,
			);
			sourceTree = "<group>";
		};
		FD4F694827D66AA800BC8BCC /* Products */ = {
			isa = PBXGroup;
			children = (
				FD4F694727D66AA800BC8BCC /* app dos carros.app */,
				FD6CC31627E8F8FD001DA213 /* app dos carrosTests.xctest */,
			);
			name = Products;
			sourceTree = "<group>";
		};
		FD4F694927D66AA800BC8BCC /* app dos carros */ = {
			isa = PBXGroup;
			children = (
				FD6CC3B027EBB9C5001DA213 /* Extentions */,
				FDFBCDFF27D91D9000619AE8 /* Helpers */,
				FD4F697A27D7CD9300BC8BCC /* App-UI */,
				FD4F697227D688CD00BC8BCC /* Constants */,
				FD4F696F27D6881200BC8BCC /* CarService */,
				FD4F696327D66C3300BC8BCC /* Modules */,
				FD4F694A27D66AA800BC8BCC /* AppDelegate.swift */,
				FD4F694C27D66AA800BC8BCC /* SceneDelegate.swift */,
				FD4F695327D66AAA00BC8BCC /* Assets.xcassets */,
				FD4F695827D66AAA00BC8BCC /* Info.plist */,
			);
			path = "app dos carros";
			sourceTree = "<group>";
		};
		FD4F695E27D66AF000BC8BCC /* Login-module */ = {
			isa = PBXGroup;
			children = (
				FD4F696727D66DE600BC8BCC /* model */,
				FD4F697727D78F5300BC8BCC /* router */,
				FD4F696A27D6753500BC8BCC /* interactor */,
				FD4F696427D66C3E00BC8BCC /* protocols */,
				FD4F696227D66C0E00BC8BCC /* presenter */,
				FD4F695F27D66B7700BC8BCC /* view */,
			);
			path = "Login-module";
			sourceTree = "<group>";
		};
		FD4F695F27D66B7700BC8BCC /* view */ = {
			isa = PBXGroup;
			children = (
				FD4F696027D66BE800BC8BCC /* LoginViewController.swift */,
			);
			path = view;
			sourceTree = "<group>";
		};
		FD4F696227D66C0E00BC8BCC /* presenter */ = {
			isa = PBXGroup;
			children = (
				FD4F696D27D67B4200BC8BCC /* LoginPresenter.swift */,
			);
			path = presenter;
			sourceTree = "<group>";
		};
		FD4F696327D66C3300BC8BCC /* Modules */ = {
			isa = PBXGroup;
			children = (
				FD6CC39627EA0F95001DA213 /* SelectedCar-module */,
				FD4F697E27D7CE1D00BC8BCC /* CarsList-module */,
				FD4F695E27D66AF000BC8BCC /* Login-module */,
			);
			path = Modules;
			sourceTree = "<group>";
		};
		FD4F696427D66C3E00BC8BCC /* protocols */ = {
			isa = PBXGroup;
			children = (
				FD4F696527D66CCC00BC8BCC /* LoginProtocols.swift */,
			);
			path = protocols;
			sourceTree = "<group>";
		};
		FD4F696727D66DE600BC8BCC /* model */ = {
			isa = PBXGroup;
			children = (
				FD4F696827D66E5800BC8BCC /* LoginModel.swift */,
			);
			path = model;
			sourceTree = "<group>";
		};
		FD4F696A27D6753500BC8BCC /* interactor */ = {
			isa = PBXGroup;
			children = (
				FD4F696B27D6754E00BC8BCC /* LoginInteractor.swift */,
			);
			path = interactor;
			sourceTree = "<group>";
		};
		FD4F696F27D6881200BC8BCC /* CarService */ = {
			isa = PBXGroup;
			children = (
				FD4F697027D6883400BC8BCC /* CarService.swift */,
				FD4F697527D68C4600BC8BCC /* LoginSuccessPostReturn.swift */,
			);
			path = CarService;
			sourceTree = "<group>";
		};
		FD4F697227D688CD00BC8BCC /* Constants */ = {
			isa = PBXGroup;
			children = (
				FD4F697327D6899300BC8BCC /* Constants.swift */,
			);
			path = Constants;
			sourceTree = "<group>";
		};
		FD4F697727D78F5300BC8BCC /* router */ = {
			isa = PBXGroup;
			children = (
				FD4F697827D78F6400BC8BCC /* LoginRouter.swift */,
			);
			path = router;
			sourceTree = "<group>";
		};
		FD4F697A27D7CD9300BC8BCC /* App-UI */ = {
			isa = PBXGroup;
			children = (
				FD4F695027D66AA800BC8BCC /* InitialStoryboard.storyboard */,
				FD4F697C27D7CDFD00BC8BCC /* CarsStoryboard.storyboard */,
				FD4F695527D66AAA00BC8BCC /* LaunchScreen.storyboard */,
				FD6CC39427E9FE59001DA213 /* SelectedCarStoryboard.storyboard */,
			);
			path = "App-UI";
			sourceTree = "<group>";
		};
		FD4F697E27D7CE1D00BC8BCC /* CarsList-module */ = {
			isa = PBXGroup;
			children = (
				FD4F698E27D7E02900BC8BCC /* model */,
				FD4F698D27D7E00B00BC8BCC /* interactor */,
				FD4F698227D7CE7000BC8BCC /* view */,
				FD4F698127D7CE6400BC8BCC /* presenter */,
				FD4F698027D7CE5200BC8BCC /* router */,
				FD4F697F27D7CE4300BC8BCC /* protocols */,
			);
			path = "CarsList-module";
			sourceTree = "<group>";
		};
		FD4F697F27D7CE4300BC8BCC /* protocols */ = {
			isa = PBXGroup;
			children = (
				FD4F698327D7D10900BC8BCC /* CarsListProtocols.swift */,
			);
			path = protocols;
			sourceTree = "<group>";
		};
		FD4F698027D7CE5200BC8BCC /* router */ = {
			isa = PBXGroup;
			children = (
				FD4F698B27D7D5DE00BC8BCC /* CarsListRouter.swift */,
			);
			path = router;
			sourceTree = "<group>";
		};
		FD4F698127D7CE6400BC8BCC /* presenter */ = {
			isa = PBXGroup;
			children = (
				FD4F698F27D7E05D00BC8BCC /* CarsListPresenter.swift */,
			);
			path = presenter;
			sourceTree = "<group>";
		};
		FD4F698227D7CE7000BC8BCC /* view */ = {
			isa = PBXGroup;
			children = (
				FD4F698727D7D45300BC8BCC /* CarsListViewController.swift */,
				FDAFFC4427D7EEC1009E5F74 /* CarListTableViewCell.swift */,
			);
			path = view;
			sourceTree = "<group>";
		};
		FD4F698D27D7E00B00BC8BCC /* interactor */ = {
			isa = PBXGroup;
			children = (
				FD4F699127D7E06E00BC8BCC /* CarsListInteractor.swift */,
			);
			path = interactor;
			sourceTree = "<group>";
		};
		FD4F698E27D7E02900BC8BCC /* model */ = {
			isa = PBXGroup;
			children = (
				FD6CC31027E7E3C5001DA213 /* CarsListModel.swift */,
			);
			path = model;
			sourceTree = "<group>";
		};
		FD6CC31727E8F8FD001DA213 /* app dos carrosTests */ = {
			isa = PBXGroup;
			children = (
				FD6CC31827E8F8FD001DA213 /* app_dos_carrosTests.swift */,
			);
			path = "app dos carrosTests";
			sourceTree = "<group>";
		};
		FD6CC39627EA0F95001DA213 /* SelectedCar-module */ = {
			isa = PBXGroup;
			children = (
				FD6CC39C27EA0FFF001DA213 /* protocols */,
				FD6CC39B27EA0FFA001DA213 /* router */,
				FD6CC39A27EA0FF1001DA213 /* presenter */,
				FD6CC39927EA0FE6001DA213 /* view */,
				FD6CC39827EA0FDE001DA213 /* interactor */,
				FD6CC39727EA0FD6001DA213 /* model */,
			);
			path = "SelectedCar-module";
			sourceTree = "<group>";
		};
		FD6CC39727EA0FD6001DA213 /* model */ = {
			isa = PBXGroup;
			children = (
				FD6CC3A927EA9EE5001DA213 /* SelectedCarModel.swift */,
			);
			path = model;
			sourceTree = "<group>";
		};
		FD6CC39827EA0FDE001DA213 /* interactor */ = {
			isa = PBXGroup;
			children = (
				FD6CC3A727EA1BE8001DA213 /* SelectedCarInteractor.swift */,
			);
			path = interactor;
			sourceTree = "<group>";
		};
		FD6CC39927EA0FE6001DA213 /* view */ = {
			isa = PBXGroup;
			children = (
				FD6CC39F27EA173F001DA213 /* SelectedCarViewController.swift */,
			);
			path = view;
			sourceTree = "<group>";
		};
		FD6CC39A27EA0FF1001DA213 /* presenter */ = {
			isa = PBXGroup;
			children = (
				FD6CC3A527EA1B9A001DA213 /* SelectedCarPresenter.swift */,
			);
			path = presenter;
			sourceTree = "<group>";
		};
		FD6CC39B27EA0FFA001DA213 /* router */ = {
			isa = PBXGroup;
			children = (
				FD6CC3A327EA1B7E001DA213 /* SelectedCarRouter.swift */,
			);
			path = router;
			sourceTree = "<group>";
		};
		FD6CC39C27EA0FFF001DA213 /* protocols */ = {
			isa = PBXGroup;
			children = (
				FD6CC3A127EA1772001DA213 /* SelectedCarsProtocols.swift */,
			);
			path = protocols;
			sourceTree = "<group>";
		};
		FD6CC3B027EBB9C5001DA213 /* Extentions */ = {
			isa = PBXGroup;
			children = (
				FD6CC3B127EBB9F4001DA213 /* UIImageViewExtension.swift */,
			);
			path = Extentions;
			sourceTree = "<group>";
		};
		FDFBCDFF27D91D9000619AE8 /* Helpers */ = {
			isa = PBXGroup;
			children = (
				FDFBCE0027D91DA900619AE8 /* UserDefaultsHelper.swift */,
			);
			path = Helpers;
			sourceTree = "<group>";
		};
/* End PBXGroup section */

/* Begin PBXNativeTarget section */
		FD4F694627D66AA800BC8BCC /* app dos carros */ = {
			isa = PBXNativeTarget;
			buildConfigurationList = FD4F695B27D66AAA00BC8BCC /* Build configuration list for PBXNativeTarget "app dos carros" */;
			buildPhases = (
				FD4F694327D66AA800BC8BCC /* Sources */,
				FD4F694427D66AA800BC8BCC /* Frameworks */,
				FD4F694527D66AA800BC8BCC /* Resources */,
			);
			buildRules = (
			);
			dependencies = (
			);
			name = "app dos carros";
			productName = "app dos carros";
			productReference = FD4F694727D66AA800BC8BCC /* app dos carros.app */;
			productType = "com.apple.product-type.application";
		};
		FD6CC31527E8F8FD001DA213 /* app dos carrosTests */ = {
			isa = PBXNativeTarget;
			buildConfigurationList = FD6CC31C27E8F8FD001DA213 /* Build configuration list for PBXNativeTarget "app dos carrosTests" */;
			buildPhases = (
				FD6CC31227E8F8FD001DA213 /* Sources */,
				FD6CC31327E8F8FD001DA213 /* Frameworks */,
				FD6CC31427E8F8FD001DA213 /* Resources */,
			);
			buildRules = (
			);
			dependencies = (
				FD6CC31B27E8F8FD001DA213 /* PBXTargetDependency */,
			);
			name = "app dos carrosTests";
			productName = "app dos carrosTests";
			productReference = FD6CC31627E8F8FD001DA213 /* app dos carrosTests.xctest */;
			productType = "com.apple.product-type.bundle.unit-test";
		};
/* End PBXNativeTarget section */

/* Begin PBXProject section */
		FD4F693F27D66AA800BC8BCC /* Project object */ = {
			isa = PBXProject;
			attributes = {
				BuildIndependentTargetsInParallel = 1;
				LastSwiftUpdateCheck = 1330;
				LastUpgradeCheck = 1320;
				TargetAttributes = {
					FD4F694627D66AA800BC8BCC = {
						CreatedOnToolsVersion = 13.2.1;
					};
					FD6CC31527E8F8FD001DA213 = {
						CreatedOnToolsVersion = 13.3;
						TestTargetID = FD4F694627D66AA800BC8BCC;
					};
				};
			};
			buildConfigurationList = FD4F694227D66AA800BC8BCC /* Build configuration list for PBXProject "app dos carros" */;
			compatibilityVersion = "Xcode 13.0";
			developmentRegion = en;
			hasScannedForEncodings = 0;
			knownRegions = (
				en,
				Base,
			);
			mainGroup = FD4F693E27D66AA800BC8BCC;
			productRefGroup = FD4F694827D66AA800BC8BCC /* Products */;
			projectDirPath = "";
			projectRoot = "";
			targets = (
				FD4F694627D66AA800BC8BCC /* app dos carros */,
				FD6CC31527E8F8FD001DA213 /* app dos carrosTests */,
			);
		};
/* End PBXProject section */

/* Begin PBXResourcesBuildPhase section */
		FD4F694527D66AA800BC8BCC /* Resources */ = {
			isa = PBXResourcesBuildPhase;
			buildActionMask = 2147483647;
			files = (
				FD4F695727D66AAA00BC8BCC /* LaunchScreen.storyboard in Resources */,
				FD6CC39527E9FE59001DA213 /* SelectedCarStoryboard.storyboard in Resources */,
				FD4F695427D66AAA00BC8BCC /* Assets.xcassets in Resources */,
				FD4F697D27D7CDFD00BC8BCC /* CarsStoryboard.storyboard in Resources */,
				FD4F695227D66AA800BC8BCC /* InitialStoryboard.storyboard in Resources */,
			);
			runOnlyForDeploymentPostprocessing = 0;
		};
		FD6CC31427E8F8FD001DA213 /* Resources */ = {
			isa = PBXResourcesBuildPhase;
			buildActionMask = 2147483647;
			files = (
			);
			runOnlyForDeploymentPostprocessing = 0;
		};
/* End PBXResourcesBuildPhase section */

/* Begin PBXSourcesBuildPhase section */
		FD4F694327D66AA800BC8BCC /* Sources */ = {
			isa = PBXSourcesBuildPhase;
			buildActionMask = 2147483647;
			files = (
				FD6CC3A427EA1B7E001DA213 /* SelectedCarRouter.swift in Sources */,
				FD6CC3AA27EA9EE5001DA213 /* SelectedCarModel.swift in Sources */,
				FD6CC3A627EA1B9A001DA213 /* SelectedCarPresenter.swift in Sources */,
				FDFBCE0127D91DA900619AE8 /* UserDefaultsHelper.swift in Sources */,
				FD4F696927D66E5800BC8BCC /* LoginModel.swift in Sources */,
				FDAFFC4527D7EEC1009E5F74 /* CarListTableViewCell.swift in Sources */,
				FD4F696127D66BE800BC8BCC /* LoginViewController.swift in Sources */,
				FD6CC32627E8F9F5001DA213 /* LoginPresenter.swift in Sources */,
				FD4F697427D6899300BC8BCC /* Constants.swift in Sources */,
				FD6CC3A827EA1BE8001DA213 /* SelectedCarInteractor.swift in Sources */,
				FD4F699227D7E06E00BC8BCC /* CarsListInteractor.swift in Sources */,
				FD6CC31127E7E3C5001DA213 /* CarsListModel.swift in Sources */,
				FD6CC3A027EA173F001DA213 /* SelectedCarViewController.swift in Sources */,
				FD4F698827D7D45300BC8BCC /* CarsListViewController.swift in Sources */,
				FD4F697627D68C4600BC8BCC /* LoginSuccessPostReturn.swift in Sources */,
				FD4F697127D6883400BC8BCC /* CarService.swift in Sources */,
				FD6CC3A227EA1772001DA213 /* SelectedCarsProtocols.swift in Sources */,
				FD4F698C27D7D5DE00BC8BCC /* CarsListRouter.swift in Sources */,
				FD4F694B27D66AA800BC8BCC /* AppDelegate.swift in Sources */,
				FD4F694D27D66AA800BC8BCC /* SceneDelegate.swift in Sources */,
				FD4F699027D7E05D00BC8BCC /* CarsListPresenter.swift in Sources */,
				FD4F698427D7D10900BC8BCC /* CarsListProtocols.swift in Sources */,
				FD4F697927D78F6400BC8BCC /* LoginRouter.swift in Sources */,
				FD4F696C27D6754E00BC8BCC /* LoginInteractor.swift in Sources */,
				FD6CC3B227EBB9F4001DA213 /* UIImageViewExtension.swift in Sources */,
				FD4F696627D66CCC00BC8BCC /* LoginProtocols.swift in Sources */,
			);
			runOnlyForDeploymentPostprocessing = 0;
		};
		FD6CC31227E8F8FD001DA213 /* Sources */ = {
			isa = PBXSourcesBuildPhase;
			buildActionMask = 2147483647;
			files = (
				FD6CC32827E8FAF4001DA213 /* LoginViewController.swift in Sources */,
				FD6CC33227E8FDAF001DA213 /* Constants.swift in Sources */,
				FD6CC32527E8F9F5001DA213 /* LoginPresenter.swift in Sources */,
				FD6CC32D27E8FD9E001DA213 /* CarListTableViewCell.swift in Sources */,
				FD6CC32E27E8FDA1001DA213 /* CarsListViewController.swift in Sources */,
				FD6CC33327E8FDBF001DA213 /* CarsListPresenter.swift in Sources */,
				FD6CC32927E8FB13001DA213 /* UserDefaultsHelper.swift in Sources */,
				FD6CC32127E8F9DB001DA213 /* LoginInteractor.swift in Sources */,
				FD6CC32427E8F9F1001DA213 /* LoginProtocols.swift in Sources */,
				FD6CC32B27E8FB31001DA213 /* CarsListRouter.swift in Sources */,
				FD6CC32327E8F9ED001DA213 /* LoginModel.swift in Sources */,
				FD6CC32F27E8FDA4001DA213 /* CarsListInteractor.swift in Sources */,
				FD6CC32C27E8FD99001DA213 /* CarsListProtocols.swift in Sources */,
				FD6CC32A27E8FB23001DA213 /* CarService.swift in Sources */,
				FD6CC33027E8FDA7001DA213 /* CarsListModel.swift in Sources */,
				FD6CC31927E8F8FD001DA213 /* app_dos_carrosTests.swift in Sources */,
				FD6CC32227E8F9EA001DA213 /* LoginRouter.swift in Sources */,
				FD6CC33127E8FDAC001DA213 /* LoginSuccessPostReturn.swift in Sources */,
			);
			runOnlyForDeploymentPostprocessing = 0;
		};
/* End PBXSourcesBuildPhase section */

/* Begin PBXTargetDependency section */
		FD6CC31B27E8F8FD001DA213 /* PBXTargetDependency */ = {
			isa = PBXTargetDependency;
			target = FD4F694627D66AA800BC8BCC /* app dos carros */;
			targetProxy = FD6CC31A27E8F8FD001DA213 /* PBXContainerItemProxy */;
		};
/* End PBXTargetDependency section */

/* Begin PBXVariantGroup section */
		FD4F695027D66AA800BC8BCC /* InitialStoryboard.storyboard */ = {
			isa = PBXVariantGroup;
			children = (
				FD4F695127D66AA800BC8BCC /* Base */,
			);
			name = InitialStoryboard.storyboard;
			sourceTree = "<group>";
		};
		FD4F695527D66AAA00BC8BCC /* LaunchScreen.storyboard */ = {
			isa = PBXVariantGroup;
			children = (
				FD4F695627D66AAA00BC8BCC /* Base */,
			);
			name = LaunchScreen.storyboard;
			sourceTree = "<group>";
		};
/* End PBXVariantGroup section */

/* Begin XCBuildConfiguration section */
		FD4F695927D66AAA00BC8BCC /* Debug */ = {
			isa = XCBuildConfiguration;
			buildSettings = {
				ALWAYS_SEARCH_USER_PATHS = NO;
				CLANG_ANALYZER_NONNULL = YES;
				CLANG_ANALYZER_NUMBER_OBJECT_CONVERSION = YES_AGGRESSIVE;
				CLANG_CXX_LANGUAGE_STANDARD = "gnu++17";
				CLANG_CXX_LIBRARY = "libc++";
				CLANG_ENABLE_MODULES = YES;
				CLANG_ENABLE_OBJC_ARC = YES;
				CLANG_ENABLE_OBJC_WEAK = YES;
				CLANG_WARN_BLOCK_CAPTURE_AUTORELEASING = YES;
				CLANG_WARN_BOOL_CONVERSION = YES;
				CLANG_WARN_COMMA = YES;
				CLANG_WARN_CONSTANT_CONVERSION = YES;
				CLANG_WARN_DEPRECATED_OBJC_IMPLEMENTATIONS = YES;
				CLANG_WARN_DIRECT_OBJC_ISA_USAGE = YES_ERROR;
				CLANG_WARN_DOCUMENTATION_COMMENTS = YES;
				CLANG_WARN_EMPTY_BODY = YES;
				CLANG_WARN_ENUM_CONVERSION = YES;
				CLANG_WARN_INFINITE_RECURSION = YES;
				CLANG_WARN_INT_CONVERSION = YES;
				CLANG_WARN_NON_LITERAL_NULL_CONVERSION = YES;
				CLANG_WARN_OBJC_IMPLICIT_RETAIN_SELF = YES;
				CLANG_WARN_OBJC_LITERAL_CONVERSION = YES;
				CLANG_WARN_OBJC_ROOT_CLASS = YES_ERROR;
				CLANG_WARN_QUOTED_INCLUDE_IN_FRAMEWORK_HEADER = YES;
				CLANG_WARN_RANGE_LOOP_ANALYSIS = YES;
				CLANG_WARN_STRICT_PROTOTYPES = YES;
				CLANG_WARN_SUSPICIOUS_MOVE = YES;
				CLANG_WARN_UNGUARDED_AVAILABILITY = YES_AGGRESSIVE;
				CLANG_WARN_UNREACHABLE_CODE = YES;
				CLANG_WARN__DUPLICATE_METHOD_MATCH = YES;
				COPY_PHASE_STRIP = NO;
				DEBUG_INFORMATION_FORMAT = dwarf;
				ENABLE_STRICT_OBJC_MSGSEND = YES;
				ENABLE_TESTABILITY = YES;
				GCC_C_LANGUAGE_STANDARD = gnu11;
				GCC_DYNAMIC_NO_PIC = NO;
				GCC_NO_COMMON_BLOCKS = YES;
				GCC_OPTIMIZATION_LEVEL = 0;
				GCC_PREPROCESSOR_DEFINITIONS = (
					"DEBUG=1",
					"$(inherited)",
				);
				GCC_WARN_64_TO_32_BIT_CONVERSION = YES;
				GCC_WARN_ABOUT_RETURN_TYPE = YES_ERROR;
				GCC_WARN_UNDECLARED_SELECTOR = YES;
				GCC_WARN_UNINITIALIZED_AUTOS = YES_AGGRESSIVE;
				GCC_WARN_UNUSED_FUNCTION = YES;
				GCC_WARN_UNUSED_VARIABLE = YES;
				IPHONEOS_DEPLOYMENT_TARGET = 15.2;
				MTL_ENABLE_DEBUG_INFO = INCLUDE_SOURCE;
				MTL_FAST_MATH = YES;
				ONLY_ACTIVE_ARCH = YES;
				SDKROOT = iphoneos;
				SWIFT_ACTIVE_COMPILATION_CONDITIONS = DEBUG;
				SWIFT_OPTIMIZATION_LEVEL = "-Onone";
			};
			name = Debug;
		};
		FD4F695A27D66AAA00BC8BCC /* Release */ = {
			isa = XCBuildConfiguration;
			buildSettings = {
				ALWAYS_SEARCH_USER_PATHS = NO;
				CLANG_ANALYZER_NONNULL = YES;
				CLANG_ANALYZER_NUMBER_OBJECT_CONVERSION = YES_AGGRESSIVE;
				CLANG_CXX_LANGUAGE_STANDARD = "gnu++17";
				CLANG_CXX_LIBRARY = "libc++";
				CLANG_ENABLE_MODULES = YES;
				CLANG_ENABLE_OBJC_ARC = YES;
				CLANG_ENABLE_OBJC_WEAK = YES;
				CLANG_WARN_BLOCK_CAPTURE_AUTORELEASING = YES;
				CLANG_WARN_BOOL_CONVERSION = YES;
				CLANG_WARN_COMMA = YES;
				CLANG_WARN_CONSTANT_CONVERSION = YES;
				CLANG_WARN_DEPRECATED_OBJC_IMPLEMENTATIONS = YES;
				CLANG_WARN_DIRECT_OBJC_ISA_USAGE = YES_ERROR;
				CLANG_WARN_DOCUMENTATION_COMMENTS = YES;
				CLANG_WARN_EMPTY_BODY = YES;
				CLANG_WARN_ENUM_CONVERSION = YES;
				CLANG_WARN_INFINITE_RECURSION = YES;
				CLANG_WARN_INT_CONVERSION = YES;
				CLANG_WARN_NON_LITERAL_NULL_CONVERSION = YES;
				CLANG_WARN_OBJC_IMPLICIT_RETAIN_SELF = YES;
				CLANG_WARN_OBJC_LITERAL_CONVERSION = YES;
				CLANG_WARN_OBJC_ROOT_CLASS = YES_ERROR;
				CLANG_WARN_QUOTED_INCLUDE_IN_FRAMEWORK_HEADER = YES;
				CLANG_WARN_RANGE_LOOP_ANALYSIS = YES;
				CLANG_WARN_STRICT_PROTOTYPES = YES;
				CLANG_WARN_SUSPICIOUS_MOVE = YES;
				CLANG_WARN_UNGUARDED_AVAILABILITY = YES_AGGRESSIVE;
				CLANG_WARN_UNREACHABLE_CODE = YES;
				CLANG_WARN__DUPLICATE_METHOD_MATCH = YES;
				COPY_PHASE_STRIP = NO;
				DEBUG_INFORMATION_FORMAT = "dwarf-with-dsym";
				ENABLE_NS_ASSERTIONS = NO;
				ENABLE_STRICT_OBJC_MSGSEND = YES;
				GCC_C_LANGUAGE_STANDARD = gnu11;
				GCC_NO_COMMON_BLOCKS = YES;
				GCC_WARN_64_TO_32_BIT_CONVERSION = YES;
				GCC_WARN_ABOUT_RETURN_TYPE = YES_ERROR;
				GCC_WARN_UNDECLARED_SELECTOR = YES;
				GCC_WARN_UNINITIALIZED_AUTOS = YES_AGGRESSIVE;
				GCC_WARN_UNUSED_FUNCTION = YES;
				GCC_WARN_UNUSED_VARIABLE = YES;
				IPHONEOS_DEPLOYMENT_TARGET = 15.2;
				MTL_ENABLE_DEBUG_INFO = NO;
				MTL_FAST_MATH = YES;
				SDKROOT = iphoneos;
				SWIFT_COMPILATION_MODE = wholemodule;
				SWIFT_OPTIMIZATION_LEVEL = "-O";
				VALIDATE_PRODUCT = YES;
			};
			name = Release;
		};
		FD4F695C27D66AAA00BC8BCC /* Debug */ = {
			isa = XCBuildConfiguration;
			buildSettings = {
				ASSETCATALOG_COMPILER_APPICON_NAME = AppIcon;
				ASSETCATALOG_COMPILER_GLOBAL_ACCENT_COLOR_NAME = AccentColor;
				CODE_SIGN_STYLE = Automatic;
				CURRENT_PROJECT_VERSION = 1;
				DEVELOPMENT_TEAM = K2XYML6X84;
				GENERATE_INFOPLIST_FILE = YES;
				INFOPLIST_FILE = "app dos carros/Info.plist";
				INFOPLIST_KEY_UIApplicationSupportsIndirectInputEvents = YES;
				INFOPLIST_KEY_UILaunchStoryboardName = LaunchScreen;
				INFOPLIST_KEY_UISupportedInterfaceOrientations_iPad = "UIInterfaceOrientationPortrait UIInterfaceOrientationPortraitUpsideDown UIInterfaceOrientationLandscapeLeft UIInterfaceOrientationLandscapeRight";
				INFOPLIST_KEY_UISupportedInterfaceOrientations_iPhone = "UIInterfaceOrientationPortrait UIInterfaceOrientationLandscapeLeft UIInterfaceOrientationLandscapeRight";
				LD_RUNPATH_SEARCH_PATHS = (
					"$(inherited)",
					"@executable_path/Frameworks",
				);
				MARKETING_VERSION = 1.0;
				PRODUCT_BUNDLE_IDENTIFIER = "heitor.app-dos-carros";
				PRODUCT_NAME = "$(TARGET_NAME)";
				SWIFT_EMIT_LOC_STRINGS = YES;
				SWIFT_VERSION = 5.0;
				TARGETED_DEVICE_FAMILY = "1,2";
			};
			name = Debug;
		};
		FD4F695D27D66AAA00BC8BCC /* Release */ = {
			isa = XCBuildConfiguration;
			buildSettings = {
				ASSETCATALOG_COMPILER_APPICON_NAME = AppIcon;
				ASSETCATALOG_COMPILER_GLOBAL_ACCENT_COLOR_NAME = AccentColor;
				CODE_SIGN_STYLE = Automatic;
				CURRENT_PROJECT_VERSION = 1;
				DEVELOPMENT_TEAM = K2XYML6X84;
				GENERATE_INFOPLIST_FILE = YES;
				INFOPLIST_FILE = "app dos carros/Info.plist";
				INFOPLIST_KEY_UIApplicationSupportsIndirectInputEvents = YES;
				INFOPLIST_KEY_UILaunchStoryboardName = LaunchScreen;
				INFOPLIST_KEY_UISupportedInterfaceOrientations_iPad = "UIInterfaceOrientationPortrait UIInterfaceOrientationPortraitUpsideDown UIInterfaceOrientationLandscapeLeft UIInterfaceOrientationLandscapeRight";
				INFOPLIST_KEY_UISupportedInterfaceOrientations_iPhone = "UIInterfaceOrientationPortrait UIInterfaceOrientationLandscapeLeft UIInterfaceOrientationLandscapeRight";
				LD_RUNPATH_SEARCH_PATHS = (
					"$(inherited)",
					"@executable_path/Frameworks",
				);
				MARKETING_VERSION = 1.0;
				PRODUCT_BUNDLE_IDENTIFIER = "heitor.app-dos-carros";
				PRODUCT_NAME = "$(TARGET_NAME)";
				SWIFT_EMIT_LOC_STRINGS = YES;
				SWIFT_VERSION = 5.0;
				TARGETED_DEVICE_FAMILY = "1,2";
			};
			name = Release;
		};
		FD6CC31D27E8F8FD001DA213 /* Debug */ = {
			isa = XCBuildConfiguration;
			buildSettings = {
				BUNDLE_LOADER = "$(TEST_HOST)";
				CODE_SIGN_STYLE = Automatic;
				CURRENT_PROJECT_VERSION = 1;
				DEVELOPMENT_TEAM = K2XYML6X84;
				GENERATE_INFOPLIST_FILE = YES;
				IPHONEOS_DEPLOYMENT_TARGET = 15.4;
				MARKETING_VERSION = 1.0;
				PRODUCT_BUNDLE_IDENTIFIER = "heitor.app-dos-carrosTests";
				PRODUCT_NAME = "$(TARGET_NAME)";
				SWIFT_EMIT_LOC_STRINGS = NO;
				SWIFT_VERSION = 5.0;
				TARGETED_DEVICE_FAMILY = "1,2";
				TEST_HOST = "$(BUILT_PRODUCTS_DIR)/app dos carros.app/app dos carros";
			};
			name = Debug;
		};
		FD6CC31E27E8F8FD001DA213 /* Release */ = {
			isa = XCBuildConfiguration;
			buildSettings = {
				BUNDLE_LOADER = "$(TEST_HOST)";
				CODE_SIGN_STYLE = Automatic;
				CURRENT_PROJECT_VERSION = 1;
				DEVELOPMENT_TEAM = K2XYML6X84;
				GENERATE_INFOPLIST_FILE = YES;
				IPHONEOS_DEPLOYMENT_TARGET = 15.4;
				MARKETING_VERSION = 1.0;
				PRODUCT_BUNDLE_IDENTIFIER = "heitor.app-dos-carrosTests";
				PRODUCT_NAME = "$(TARGET_NAME)";
				SWIFT_EMIT_LOC_STRINGS = NO;
				SWIFT_VERSION = 5.0;
				TARGETED_DEVICE_FAMILY = "1,2";
				TEST_HOST = "$(BUILT_PRODUCTS_DIR)/app dos carros.app/app dos carros";
			};
			name = Release;
		};
/* End XCBuildConfiguration section */

/* Begin XCConfigurationList section */
		FD4F694227D66AA800BC8BCC /* Build configuration list for PBXProject "app dos carros" */ = {
			isa = XCConfigurationList;
			buildConfigurations = (
				FD4F695927D66AAA00BC8BCC /* Debug */,
				FD4F695A27D66AAA00BC8BCC /* Release */,
			);
			defaultConfigurationIsVisible = 0;
			defaultConfigurationName = Release;
		};
		FD4F695B27D66AAA00BC8BCC /* Build configuration list for PBXNativeTarget "app dos carros" */ = {
			isa = XCConfigurationList;
			buildConfigurations = (
				FD4F695C27D66AAA00BC8BCC /* Debug */,
				FD4F695D27D66AAA00BC8BCC /* Release */,
			);
			defaultConfigurationIsVisible = 0;
			defaultConfigurationName = Release;
		};
		FD6CC31C27E8F8FD001DA213 /* Build configuration list for PBXNativeTarget "app dos carrosTests" */ = {
			isa = XCConfigurationList;
			buildConfigurations = (
				FD6CC31D27E8F8FD001DA213 /* Debug */,
				FD6CC31E27E8F8FD001DA213 /* Release */,
			);
			defaultConfigurationIsVisible = 0;
			defaultConfigurationName = Release;
		};
/* End XCConfigurationList section */
	};
	rootObject = FD4F693F27D66AA800BC8BCC /* Project object */;
}
